{
  "originHash" : "48cb213bea721d0cefcbb64d295a6261480212e1d99f07f54ae3ff3f7fd6d3e2",
  "pins" : [
    {
      "identity" : "wwtableviewparallaxcell",
      "kind" : "remoteSourceControl",
      "location" : "https://github.com/William-Weng/WWTableViewParallaxCell",
      "state" : {
        "revision" : "55e2d480014f08f05cf493c153f5e5ce3e92ad84",
        "version" : "1.0.1"
      }
    }
  ],
  "version" : 3
}
